
Microsoft Visual Studio Solution File, Format Version 12.00
# Visual Studio 15
VisualStudioVersion = 15.0.27130.0
MinimumVisualStudioVersion = 10.0.40219.1
Project("{FAE04EC0-301F-11D3-BF4B-00C04F79EFBC}") = "ZhiRuo_Android", "ZhiRuo_Android\ZhiRuo_Android.csproj", "{9411E553-977C-4C59-8958-617A4C0A8508}"
EndProject
Global
	GlobalSection(SolutionConfigurationPlatforms) = preSolution
		Debug|Any CPU = Debug|Any CPU
		Release|Any CPU = Release|Any CPU
	EndGlobalSection
	GlobalSection(ProjectConfigurationPlatforms) = postSolution
		{9411E553-977C-4C59-8958-617A4C0A8508}.Debug|Any CPU.ActiveCfg = Debug|Any CPU
		{9411E553-977C-4C59-8958-617A4C0A8508}.Debug|Any CPU.Build.0 = Debug|Any CPU
		{9411E553-977C-4C59-8958-617A4C0A8508}.Release|Any CPU.ActiveCfg = Release|Any CPU
		{9411E553-977C-4C59-8958-617A4C0A8508}.Release|Any CPU.Build.0 = Release|Any CPU
	EndGlobalSection
	GlobalSection(SolutionProperties) = preSolution
		HideSolutionNode = FALSE
	EndGlobalSection
	GlobalSection(ExtensibilityGlobals) = postSolution
		SolutionGuid = {CEB5F205-85E8-4F9D-92DA-683F3DC4E1DA}
	EndGlobalSection
EndGlobal
